
Microsoft Visual Studio Solution File, Format Version 12.00
# Visual Studio Version 16
VisualStudioVersion = 16.0.28822.285
MinimumVisualStudioVersion = 10.0.40219.1
Project("{FAE04EC0-301F-11D3-BF4B-00C04F79EFBC}") = "Recursividad", "Recursividad.csproj", "{0B70100A-31F7-45C7-93CC-19A6194C5B9D}"
EndProject
Global
	GlobalSection(SolutionConfigurationPlatforms) = preSolution
		Debug|Any CPU = Debug|Any CPU
		Release|Any CPU = Release|Any CPU
	EndGlobalSection
	GlobalSection(ProjectConfigurationPlatforms) = postSolution
		{0B70100A-31F7-45C7-93CC-19A6194C5B9D}.Debug|Any CPU.ActiveCfg = Debug|Any CPU
		{0B70100A-31F7-45C7-93CC-19A6194C5B9D}.Debug|Any CPU.Build.0 = Debug|Any CPU
		{0B70100A-31F7-45C7-93CC-19A6194C5B9D}.Release|Any CPU.ActiveCfg = Release|Any CPU
		{0B70100A-31F7-45C7-93CC-19A6194C5B9D}.Release|Any CPU.Build.0 = Release|Any CPU
	EndGlobalSection
	GlobalSection(SolutionProperties) = preSolution
		HideSolutionNode = FALSE
	EndGlobalSection
	GlobalSection(ExtensibilityGlobals) = postSolution
		SolutionGuid = {A96D0E07-24E6-42BC-B10F-99007E3E21FA}
	EndGlobalSection
EndGlobal
